// !$*UTF8*$!
{
	archiveVersion = 1;
	classes = {
	};
	objectVersion = 56;
	objects = {

/* Begin PBXBuildFile section */
		041488332CA6E53E0069377B /* ProfileThreadFilter.swift in Sources */ = {isa = PBXBuildFile; fileRef = 041488322CA6E53E0069377B /* ProfileThreadFilter.swift */; };
		0425A8BD2CA3F2EA00F71BF8 /* Threads_IOS_AppApp.swift in Sources */ = {isa = PBXBuildFile; fileRef = 0425A8BC2CA3F2EA00F71BF8 /* Threads_IOS_AppApp.swift */; };
		0425A8BF2CA3F2EA00F71BF8 /* ContentView.swift in Sources */ = {isa = PBXBuildFile; fileRef = 0425A8BE2CA3F2EA00F71BF8 /* ContentView.swift */; };
		0425A8C12CA3F2EC00F71BF8 /* Assets.xcassets in Resources */ = {isa = PBXBuildFile; fileRef = 0425A8C02CA3F2EC00F71BF8 /* Assets.xcassets */; };
		0425A8C42CA3F2EC00F71BF8 /* Preview Assets.xcassets in Resources */ = {isa = PBXBuildFile; fileRef = 0425A8C32CA3F2EC00F71BF8 /* Preview Assets.xcassets */; };
		0425A8CE2CA3F2EC00F71BF8 /* Threads_IOS_AppTests.swift in Sources */ = {isa = PBXBuildFile; fileRef = 0425A8CD2CA3F2EC00F71BF8 /* Threads_IOS_AppTests.swift */; };
		0425A8D82CA3F2EC00F71BF8 /* Threads_IOS_AppUITests.swift in Sources */ = {isa = PBXBuildFile; fileRef = 0425A8D72CA3F2EC00F71BF8 /* Threads_IOS_AppUITests.swift */; };
		0425A8DA2CA3F2EC00F71BF8 /* Threads_IOS_AppUITestsLaunchTests.swift in Sources */ = {isa = PBXBuildFile; fileRef = 0425A8D92CA3F2EC00F71BF8 /* Threads_IOS_AppUITestsLaunchTests.swift */; };
		0425A9062CA3F75000F71BF8 /* TextFieldModifier.swift in Sources */ = {isa = PBXBuildFile; fileRef = 0425A8E72CA3F75000F71BF8 /* TextFieldModifier.swift */; };
		0425A9072CA3F75000F71BF8 /* ActivityView.swift in Sources */ = {isa = PBXBuildFile; fileRef = 0425A8EA2CA3F75000F71BF8 /* ActivityView.swift */; };
		0425A9082CA3F75000F71BF8 /* LoginView.swift in Sources */ = {isa = PBXBuildFile; fileRef = 0425A8ED2CA3F75000F71BF8 /* LoginView.swift */; };
		0425A9092CA3F75000F71BF8 /* RegisterView.swift in Sources */ = {isa = PBXBuildFile; fileRef = 0425A8EE2CA3F75000F71BF8 /* RegisterView.swift */; };
		0425A90A2CA3F75000F71BF8 /* ExploreView.swift in Sources */ = {isa = PBXBuildFile; fileRef = 0425A8F12CA3F75000F71BF8 /* ExploreView.swift */; };
		0425A90B2CA3F75000F71BF8 /* FeedView.swift in Sources */ = {isa = PBXBuildFile; fileRef = 0425A8F42CA3F75000F71BF8 /* FeedView.swift */; };
		0425A90C2CA3F75000F71BF8 /* ProfileView.swift in Sources */ = {isa = PBXBuildFile; fileRef = 0425A8F72CA3F75000F71BF8 /* ProfileView.swift */; };
		0425A90E2CA3F75000F71BF8 /* ThreadsTabBar.swift in Sources */ = {isa = PBXBuildFile; fileRef = 0425A8FC2CA3F75000F71BF8 /* ThreadsTabBar.swift */; };
		0425A90F2CA3F75000F71BF8 /* CreateThreadView.swift in Sources */ = {isa = PBXBuildFile; fileRef = 0425A8FE2CA3F75000F71BF8 /* CreateThreadView.swift */; };
		04703C222CAA8302008F4C3F /* LoginViewModel.swift in Sources */ = {isa = PBXBuildFile; fileRef = 04703C212CAA8302008F4C3F /* LoginViewModel.swift */; };
		0494762E2CB02AF6004B76D7 /* EditProfileViewModel.swift in Sources */ = {isa = PBXBuildFile; fileRef = 0494762D2CB02AF6004B76D7 /* EditProfileViewModel.swift */; };
		049476302CB02D3B004B76D7 /* ImageUploader.swift in Sources */ = {isa = PBXBuildFile; fileRef = 0494762F2CB02D3B004B76D7 /* ImageUploader.swift */; };
		0498F13D2CAD705500362CBE /* UserContentListView.swift in Sources */ = {isa = PBXBuildFile; fileRef = 0498F13C2CAD705500362CBE /* UserContentListView.swift */; };
		04A0A2BF2CAD172A0031C1BD /* ExploreViewModel.swift in Sources */ = {isa = PBXBuildFile; fileRef = 04A0A2BE2CAD172A0031C1BD /* ExploreViewModel.swift */; };
		04A0A2C12CAD1A4D0031C1BD /* PreviewProvider.swift in Sources */ = {isa = PBXBuildFile; fileRef = 04A0A2C02CAD1A4D0031C1BD /* PreviewProvider.swift */; };
		04A0A2C52CAD24130031C1BD /* OtherProfileView.swift in Sources */ = {isa = PBXBuildFile; fileRef = 04A0A2C42CAD24130031C1BD /* OtherProfileView.swift */; };
		04A0A2C82CAD27810031C1BD /* ProfileHeaderView.swift in Sources */ = {isa = PBXBuildFile; fileRef = 04A0A2C72CAD27810031C1BD /* ProfileHeaderView.swift */; };
		04A2B0162CA7D0C600B8BDE4 /* EditProfileView.swift in Sources */ = {isa = PBXBuildFile; fileRef = 04A2B0152CA7D0C600B8BDE4 /* EditProfileView.swift */; };
		04A4DA582CA52CC900A2B069 /* ThreadCell.swift in Sources */ = {isa = PBXBuildFile; fileRef = 04A4DA572CA52CC900A2B069 /* ThreadCell.swift */; };
		04A4DA5D2CA536D000A2B069 /* CircularProfileImageView.swift in Sources */ = {isa = PBXBuildFile; fileRef = 04A4DA5C2CA536D000A2B069 /* CircularProfileImageView.swift */; };
		04A4DA5F2CA5373100A2B069 /* UserCell.swift in Sources */ = {isa = PBXBuildFile; fileRef = 04A4DA5E2CA5373100A2B069 /* UserCell.swift */; };
		04AA0A522CABCD2300666572 /* UserService.swift in Sources */ = {isa = PBXBuildFile; fileRef = 04AA0A512CABCD2300666572 /* UserService.swift */; };
		04AA0A552CABCF2C00666572 /* ProfileViewModel.swift in Sources */ = {isa = PBXBuildFile; fileRef = 04AA0A542CABCF2C00666572 /* ProfileViewModel.swift */; };
		04B835E02CAA663A00414494 /* RegistrationViewModel.swift in Sources */ = {isa = PBXBuildFile; fileRef = 04B835DF2CAA663A00414494 /* RegistrationViewModel.swift */; };
		04B835E22CAA695900414494 /* AuthService.swift in Sources */ = {isa = PBXBuildFile; fileRef = 04B835E12CAA695900414494 /* AuthService.swift */; };
		04B835E62CAA781100414494 /* ContentViewModel.swift in Sources */ = {isa = PBXBuildFile; fileRef = 04B835E52CAA781100414494 /* ContentViewModel.swift */; };
		04D572752CA9996C001F1A53 /* GoogleService-Info.plist in Resources */ = {isa = PBXBuildFile; fileRef = 04D572742CA9996C001F1A53 /* GoogleService-Info.plist */; };
		04D572782CA99DC9001F1A53 /* FirebaseAuth in Frameworks */ = {isa = PBXBuildFile; productRef = 04D572772CA99DC9001F1A53 /* FirebaseAuth */; };
		04D5727A2CA99DC9001F1A53 /* FirebaseFirestore in Frameworks */ = {isa = PBXBuildFile; productRef = 04D572792CA99DC9001F1A53 /* FirebaseFirestore */; };
		04D5727C2CA99DC9001F1A53 /* FirebaseStorage in Frameworks */ = {isa = PBXBuildFile; productRef = 04D5727B2CA99DC9001F1A53 /* FirebaseStorage */; };
		04EC239F2CAADAAA008B9E38 /* UserModel.swift in Sources */ = {isa = PBXBuildFile; fileRef = 04EC239E2CAADAAA008B9E38 /* UserModel.swift */; };
/* End PBXBuildFile section */

/* Begin PBXContainerItemProxy section */
		0425A8CA2CA3F2EC00F71BF8 /* PBXContainerItemProxy */ = {
			isa = PBXContainerItemProxy;
			containerPortal = 0425A8B12CA3F2EA00F71BF8 /* Project object */;
			proxyType = 1;
			remoteGlobalIDString = 0425A8B82CA3F2EA00F71BF8;
			remoteInfo = Threads_IOS_App;
		};
		0425A8D42CA3F2EC00F71BF8 /* PBXContainerItemProxy */ = {
			isa = PBXContainerItemProxy;
			containerPortal = 0425A8B12CA3F2EA00F71BF8 /* Project object */;
			proxyType = 1;
			remoteGlobalIDString = 0425A8B82CA3F2EA00F71BF8;
			remoteInfo = Threads_IOS_App;
		};
/* End PBXContainerItemProxy section */

/* Begin PBXFileReference section */
		041488322CA6E53E0069377B /* ProfileThreadFilter.swift */ = {isa = PBXFileReference; lastKnownFileType = sourcecode.swift; path = ProfileThreadFilter.swift; sourceTree = "<group>"; };
		0425A8B92CA3F2EA00F71BF8 /* Threads_IOS_App.app */ = {isa = PBXFileReference; explicitFileType = wrapper.application; includeInIndex = 0; path = Threads_IOS_App.app; sourceTree = BUILT_PRODUCTS_DIR; };
		0425A8BC2CA3F2EA00F71BF8 /* Threads_IOS_AppApp.swift */ = {isa = PBXFileReference; lastKnownFileType = sourcecode.swift; path = Threads_IOS_AppApp.swift; sourceTree = "<group>"; };
		0425A8BE2CA3F2EA00F71BF8 /* ContentView.swift */ = {isa = PBXFileReference; lastKnownFileType = sourcecode.swift; path = ContentView.swift; sourceTree = "<group>"; };
		0425A8C02CA3F2EC00F71BF8 /* Assets.xcassets */ = {isa = PBXFileReference; lastKnownFileType = folder.assetcatalog; path = Assets.xcassets; sourceTree = "<group>"; };
		0425A8C32CA3F2EC00F71BF8 /* Preview Assets.xcassets */ = {isa = PBXFileReference; lastKnownFileType = folder.assetcatalog; path = "Preview Assets.xcassets"; sourceTree = "<group>"; };
		0425A8C92CA3F2EC00F71BF8 /* Threads_IOS_AppTests.xctest */ = {isa = PBXFileReference; explicitFileType = wrapper.cfbundle; includeInIndex = 0; path = Threads_IOS_AppTests.xctest; sourceTree = BUILT_PRODUCTS_DIR; };
		0425A8CD2CA3F2EC00F71BF8 /* Threads_IOS_AppTests.swift */ = {isa = PBXFileReference; lastKnownFileType = sourcecode.swift; path = Threads_IOS_AppTests.swift; sourceTree = "<group>"; };
		0425A8D32CA3F2EC00F71BF8 /* Threads_IOS_AppUITests.xctest */ = {isa = PBXFileReference; explicitFileType = wrapper.cfbundle; includeInIndex = 0; path = Threads_IOS_AppUITests.xctest; sourceTree = BUILT_PRODUCTS_DIR; };
		0425A8D72CA3F2EC00F71BF8 /* Threads_IOS_AppUITests.swift */ = {isa = PBXFileReference; lastKnownFileType = sourcecode.swift; path = Threads_IOS_AppUITests.swift; sourceTree = "<group>"; };
		0425A8D92CA3F2EC00F71BF8 /* Threads_IOS_AppUITestsLaunchTests.swift */ = {isa = PBXFileReference; lastKnownFileType = sourcecode.swift; path = Threads_IOS_AppUITestsLaunchTests.swift; sourceTree = "<group>"; };
		0425A8E72CA3F75000F71BF8 /* TextFieldModifier.swift */ = {isa = PBXFileReference; fileEncoding = 4; lastKnownFileType = sourcecode.swift; path = TextFieldModifier.swift; sourceTree = "<group>"; };
		0425A8EA2CA3F75000F71BF8 /* ActivityView.swift */ = {isa = PBXFileReference; fileEncoding = 4; lastKnownFileType = sourcecode.swift; path = ActivityView.swift; sourceTree = "<group>"; };
		0425A8ED2CA3F75000F71BF8 /* LoginView.swift */ = {isa = PBXFileReference; fileEncoding = 4; lastKnownFileType = sourcecode.swift; path = LoginView.swift; sourceTree = "<group>"; };
		0425A8EE2CA3F75000F71BF8 /* RegisterView.swift */ = {isa = PBXFileReference; fileEncoding = 4; lastKnownFileType = sourcecode.swift; path = RegisterView.swift; sourceTree = "<group>"; };
		0425A8F12CA3F75000F71BF8 /* ExploreView.swift */ = {isa = PBXFileReference; fileEncoding = 4; lastKnownFileType = sourcecode.swift; path = ExploreView.swift; sourceTree = "<group>"; };
		0425A8F42CA3F75000F71BF8 /* FeedView.swift */ = {isa = PBXFileReference; fileEncoding = 4; lastKnownFileType = sourcecode.swift; path = FeedView.swift; sourceTree = "<group>"; };
		0425A8F72CA3F75000F71BF8 /* ProfileView.swift */ = {isa = PBXFileReference; fileEncoding = 4; lastKnownFileType = sourcecode.swift; path = ProfileView.swift; sourceTree = "<group>"; };
		0425A8FC2CA3F75000F71BF8 /* ThreadsTabBar.swift */ = {isa = PBXFileReference; fileEncoding = 4; lastKnownFileType = sourcecode.swift; path = ThreadsTabBar.swift; sourceTree = "<group>"; };
		0425A8FE2CA3F75000F71BF8 /* CreateThreadView.swift */ = {isa = PBXFileReference; fileEncoding = 4; lastKnownFileType = sourcecode.swift; path = CreateThreadView.swift; sourceTree = "<group>"; };
		04703C212CAA8302008F4C3F /* LoginViewModel.swift */ = {isa = PBXFileReference; lastKnownFileType = sourcecode.swift; path = LoginViewModel.swift; sourceTree = "<group>"; };
		0494762D2CB02AF6004B76D7 /* EditProfileViewModel.swift */ = {isa = PBXFileReference; lastKnownFileType = sourcecode.swift; path = EditProfileViewModel.swift; sourceTree = "<group>"; };
		0494762F2CB02D3B004B76D7 /* ImageUploader.swift */ = {isa = PBXFileReference; lastKnownFileType = sourcecode.swift; path = ImageUploader.swift; sourceTree = "<group>"; };
		0498F13C2CAD705500362CBE /* UserContentListView.swift */ = {isa = PBXFileReference; lastKnownFileType = sourcecode.swift; path = UserContentListView.swift; sourceTree = "<group>"; };
		04A0A2BE2CAD172A0031C1BD /* ExploreViewModel.swift */ = {isa = PBXFileReference; lastKnownFileType = sourcecode.swift; path = ExploreViewModel.swift; sourceTree = "<group>"; };
		04A0A2C02CAD1A4D0031C1BD /* PreviewProvider.swift */ = {isa = PBXFileReference; lastKnownFileType = sourcecode.swift; path = PreviewProvider.swift; sourceTree = "<group>"; };
		04A0A2C42CAD24130031C1BD /* OtherProfileView.swift */ = {isa = PBXFileReference; lastKnownFileType = sourcecode.swift; path = OtherProfileView.swift; sourceTree = "<group>"; };
		04A0A2C72CAD27810031C1BD /* ProfileHeaderView.swift */ = {isa = PBXFileReference; lastKnownFileType = sourcecode.swift; path = ProfileHeaderView.swift; sourceTree = "<group>"; };
		04A2B0152CA7D0C600B8BDE4 /* EditProfileView.swift */ = {isa = PBXFileReference; lastKnownFileType = sourcecode.swift; path = EditProfileView.swift; sourceTree = "<group>"; };
		04A4DA572CA52CC900A2B069 /* ThreadCell.swift */ = {isa = PBXFileReference; lastKnownFileType = sourcecode.swift; path = ThreadCell.swift; sourceTree = "<group>"; };
		04A4DA5C2CA536D000A2B069 /* CircularProfileImageView.swift */ = {isa = PBXFileReference; lastKnownFileType = sourcecode.swift; path = CircularProfileImageView.swift; sourceTree = "<group>"; };
		04A4DA5E2CA5373100A2B069 /* UserCell.swift */ = {isa = PBXFileReference; lastKnownFileType = sourcecode.swift; path = UserCell.swift; sourceTree = "<group>"; };
		04AA0A512CABCD2300666572 /* UserService.swift */ = {isa = PBXFileReference; lastKnownFileType = sourcecode.swift; path = UserService.swift; sourceTree = "<group>"; };
		04AA0A542CABCF2C00666572 /* ProfileViewModel.swift */ = {isa = PBXFileReference; lastKnownFileType = sourcecode.swift; path = ProfileViewModel.swift; sourceTree = "<group>"; };
		04B835DF2CAA663A00414494 /* RegistrationViewModel.swift */ = {isa = PBXFileReference; lastKnownFileType = sourcecode.swift; path = RegistrationViewModel.swift; sourceTree = "<group>"; };
		04B835E12CAA695900414494 /* AuthService.swift */ = {isa = PBXFileReference; lastKnownFileType = sourcecode.swift; path = AuthService.swift; sourceTree = "<group>"; };
		04B835E52CAA781100414494 /* ContentViewModel.swift */ = {isa = PBXFileReference; lastKnownFileType = sourcecode.swift; path = ContentViewModel.swift; sourceTree = "<group>"; };
		04D572742CA9996C001F1A53 /* GoogleService-Info.plist */ = {isa = PBXFileReference; fileEncoding = 4; lastKnownFileType = text.plist.xml; path = "GoogleService-Info.plist"; sourceTree = "<group>"; };
		04EC239E2CAADAAA008B9E38 /* UserModel.swift */ = {isa = PBXFileReference; lastKnownFileType = sourcecode.swift; path = UserModel.swift; sourceTree = "<group>"; };
/* End PBXFileReference section */

/* Begin PBXFrameworksBuildPhase section */
		0425A8B62CA3F2EA00F71BF8 /* Frameworks */ = {
			isa = PBXFrameworksBuildPhase;
			buildActionMask = 2147483647;
			files = (
				04D572782CA99DC9001F1A53 /* FirebaseAuth in Frameworks */,
				04D5727A2CA99DC9001F1A53 /* FirebaseFirestore in Frameworks */,
				04D5727C2CA99DC9001F1A53 /* FirebaseStorage in Frameworks */,
			);
			runOnlyForDeploymentPostprocessing = 0;
		};
		0425A8C62CA3F2EC00F71BF8 /* Frameworks */ = {
			isa = PBXFrameworksBuildPhase;
			buildActionMask = 2147483647;
			files = (
			);
			runOnlyForDeploymentPostprocessing = 0;
		};
		0425A8D02CA3F2EC00F71BF8 /* Frameworks */ = {
			isa = PBXFrameworksBuildPhase;
			buildActionMask = 2147483647;
			files = (
			);
			runOnlyForDeploymentPostprocessing = 0;
		};
/* End PBXFrameworksBuildPhase section */

/* Begin PBXGroup section */
		041488312CA6E5270069377B /* Model */ = {
			isa = PBXGroup;
			children = (
				041488322CA6E53E0069377B /* ProfileThreadFilter.swift */,
			);
			path = Model;
			sourceTree = "<group>";
		};
		0425A8B02CA3F2EA00F71BF8 = {
			isa = PBXGroup;
			children = (
				0425A8BB2CA3F2EA00F71BF8 /* Threads_IOS_App */,
				0425A8CC2CA3F2EC00F71BF8 /* Threads_IOS_AppTests */,
				0425A8D62CA3F2EC00F71BF8 /* Threads_IOS_AppUITests */,
				0425A8BA2CA3F2EA00F71BF8 /* Products */,
			);
			sourceTree = "<group>";
		};
		0425A8BA2CA3F2EA00F71BF8 /* Products */ = {
			isa = PBXGroup;
			children = (
				0425A8B92CA3F2EA00F71BF8 /* Threads_IOS_App.app */,
				0425A8C92CA3F2EC00F71BF8 /* Threads_IOS_AppTests.xctest */,
				0425A8D32CA3F2EC00F71BF8 /* Threads_IOS_AppUITests.xctest */,
			);
			name = Products;
			sourceTree = "<group>";
		};
		0425A8BB2CA3F2EA00F71BF8 /* Threads_IOS_App */ = {
			isa = PBXGroup;
			children = (
				0425A9032CA3F75000F71BF8 /* App */,
				0425A9012CA3F75000F71BF8 /* Core */,
				0425A9052CA3F75000F71BF8 /* Extensions */,
				0425A8E62CA3F75000F71BF8 /* Model */,
				0425A9042CA3F75000F71BF8 /* Services */,
				04D572742CA9996C001F1A53 /* GoogleService-Info.plist */,
				0425A8E92CA3F75000F71BF8 /* Utils */,
				0425A8C02CA3F2EC00F71BF8 /* Assets.xcassets */,
				0425A8C22CA3F2EC00F71BF8 /* Preview Content */,
			);
			path = Threads_IOS_App;
			sourceTree = "<group>";
		};
		0425A8C22CA3F2EC00F71BF8 /* Preview Content */ = {
			isa = PBXGroup;
			children = (
				0425A8C32CA3F2EC00F71BF8 /* Preview Assets.xcassets */,
			);
			path = "Preview Content";
			sourceTree = "<group>";
		};
		0425A8CC2CA3F2EC00F71BF8 /* Threads_IOS_AppTests */ = {
			isa = PBXGroup;
			children = (
				0425A8CD2CA3F2EC00F71BF8 /* Threads_IOS_AppTests.swift */,
			);
			path = Threads_IOS_AppTests;
			sourceTree = "<group>";
		};
		0425A8D62CA3F2EC00F71BF8 /* Threads_IOS_AppUITests */ = {
			isa = PBXGroup;
			children = (
				0425A8D72CA3F2EC00F71BF8 /* Threads_IOS_AppUITests.swift */,
				0425A8D92CA3F2EC00F71BF8 /* Threads_IOS_AppUITestsLaunchTests.swift */,
			);
			path = Threads_IOS_AppUITests;
			sourceTree = "<group>";
		};
		0425A8E62CA3F75000F71BF8 /* Model */ = {
			isa = PBXGroup;
			children = (
				04EC239E2CAADAAA008B9E38 /* UserModel.swift */,
			);
			path = Model;
			sourceTree = "<group>";
		};
		0425A8E82CA3F75000F71BF8 /* ViewModifiers */ = {
			isa = PBXGroup;
			children = (
				0425A8E72CA3F75000F71BF8 /* TextFieldModifier.swift */,
			);
			path = ViewModifiers;
			sourceTree = "<group>";
		};
		0425A8E92CA3F75000F71BF8 /* Utils */ = {
			isa = PBXGroup;
			children = (
				0425A8E82CA3F75000F71BF8 /* ViewModifiers */,
			);
			path = Utils;
			sourceTree = "<group>";
		};
		0425A8EB2CA3F75000F71BF8 /* View */ = {
			isa = PBXGroup;
			children = (
				0425A8EA2CA3F75000F71BF8 /* ActivityView.swift */,
			);
			path = View;
			sourceTree = "<group>";
		};
		0425A8EC2CA3F75000F71BF8 /* Activity */ = {
			isa = PBXGroup;
			children = (
				0425A8EB2CA3F75000F71BF8 /* View */,
			);
			path = Activity;
			sourceTree = "<group>";
		};
		0425A8EF2CA3F75000F71BF8 /* View */ = {
			isa = PBXGroup;
			children = (
				0425A8ED2CA3F75000F71BF8 /* LoginView.swift */,
				0425A8EE2CA3F75000F71BF8 /* RegisterView.swift */,
			);
			path = View;
			sourceTree = "<group>";
		};
		0425A8F02CA3F75000F71BF8 /* Authentication */ = {
			isa = PBXGroup;
			children = (
				04B835DD2CAA660100414494 /* Service */,
				0425A8EF2CA3F75000F71BF8 /* View */,
				04B835DE2CAA661000414494 /* ViewModel */,
			);
			path = Authentication;
			sourceTree = "<group>";
		};
		0425A8F22CA3F75000F71BF8 /* View */ = {
			isa = PBXGroup;
			children = (
				0425A8F12CA3F75000F71BF8 /* ExploreView.swift */,
			);
			path = View;
			sourceTree = "<group>";
		};
		0425A8F32CA3F75000F71BF8 /* Explore */ = {
			isa = PBXGroup;
			children = (
				04A0A2BD2CAD171B0031C1BD /* ViewModel */,
				0425A8F22CA3F75000F71BF8 /* View */,
			);
			path = Explore;
			sourceTree = "<group>";
		};
		0425A8F52CA3F75000F71BF8 /* View */ = {
			isa = PBXGroup;
			children = (
				0425A8F42CA3F75000F71BF8 /* FeedView.swift */,
				04A4DA572CA52CC900A2B069 /* ThreadCell.swift */,
			);
			path = View;
			sourceTree = "<group>";
		};
		0425A8F62CA3F75000F71BF8 /* Feed */ = {
			isa = PBXGroup;
			children = (
				0425A8F52CA3F75000F71BF8 /* View */,
			);
			path = Feed;
			sourceTree = "<group>";
		};
		0425A8F82CA3F75000F71BF8 /* View */ = {
			isa = PBXGroup;
			children = (
				0425A8F72CA3F75000F71BF8 /* ProfileView.swift */,
			);
			path = View;
			sourceTree = "<group>";
		};
		0425A8F92CA3F75000F71BF8 /* Profile */ = {
			isa = PBXGroup;
			children = (
				04A0A2C62CAD276E0031C1BD /* Components */,
				04A0A2C22CAD23EC0031C1BD /* OtherProfile */,
				04A2B0132CA7D0A500B8BDE4 /* EditProfile */,
				041488312CA6E5270069377B /* Model */,
				0425A8F82CA3F75000F71BF8 /* View */,
				04AA0A532CABCF0F00666572 /* ViewModel */,
			);
			path = Profile;
			sourceTree = "<group>";
		};
		0425A8FB2CA3F75000F71BF8 /* Root */ = {
			isa = PBXGroup;
			children = (
				04B835E42CAA77E500414494 /* View */,
				04B835E32CAA77E300414494 /* ViewModel */,
			);
			path = Root;
			sourceTree = "<group>";
		};
		0425A8FD2CA3F75000F71BF8 /* TabBar */ = {
			isa = PBXGroup;
			children = (
				0425A8FC2CA3F75000F71BF8 /* ThreadsTabBar.swift */,
			);
			path = TabBar;
			sourceTree = "<group>";
		};
		0425A8FF2CA3F75000F71BF8 /* View */ = {
			isa = PBXGroup;
			children = (
				0425A8FE2CA3F75000F71BF8 /* CreateThreadView.swift */,
			);
			path = View;
			sourceTree = "<group>";
		};
		0425A9002CA3F75000F71BF8 /* ThreadCreation */ = {
			isa = PBXGroup;
			children = (
				0425A8FF2CA3F75000F71BF8 /* View */,
			);
			path = ThreadCreation;
			sourceTree = "<group>";
		};
		0425A9012CA3F75000F71BF8 /* Core */ = {
			isa = PBXGroup;
			children = (
				04A4DA5B2CA536AF00A2B069 /* Components */,
				0425A8EC2CA3F75000F71BF8 /* Activity */,
				0425A8F02CA3F75000F71BF8 /* Authentication */,
				0425A8F32CA3F75000F71BF8 /* Explore */,
				0425A8F62CA3F75000F71BF8 /* Feed */,
				0425A8F92CA3F75000F71BF8 /* Profile */,
				0425A8FB2CA3F75000F71BF8 /* Root */,
				0425A8FD2CA3F75000F71BF8 /* TabBar */,
				0425A9002CA3F75000F71BF8 /* ThreadCreation */,
			);
			path = Core;
			sourceTree = "<group>";
		};
		0425A9032CA3F75000F71BF8 /* App */ = {
			isa = PBXGroup;
			children = (
				0425A8BC2CA3F2EA00F71BF8 /* Threads_IOS_AppApp.swift */,
			);
			path = App;
			sourceTree = "<group>";
		};
		0425A9042CA3F75000F71BF8 /* Services */ = {
			isa = PBXGroup;
			children = (
				04AA0A512CABCD2300666572 /* UserService.swift */,
				0494762F2CB02D3B004B76D7 /* ImageUploader.swift */,
			);
			path = Services;
			sourceTree = "<group>";
		};
		0425A9052CA3F75000F71BF8 /* Extensions */ = {
			isa = PBXGroup;
			children = (
				04A0A2C02CAD1A4D0031C1BD /* PreviewProvider.swift */,
			);
			path = Extensions;
			sourceTree = "<group>";
		};
		0494762C2CB02AE2004B76D7 /* ViewModel */ = {
			isa = PBXGroup;
			children = (
				0494762D2CB02AF6004B76D7 /* EditProfileViewModel.swift */,
			);
			path = ViewModel;
			sourceTree = "<group>";
		};
		04A0A2BD2CAD171B0031C1BD /* ViewModel */ = {
			isa = PBXGroup;
			children = (
				04A0A2BE2CAD172A0031C1BD /* ExploreViewModel.swift */,
			);
			path = ViewModel;
			sourceTree = "<group>";
		};
		04A0A2C22CAD23EC0031C1BD /* OtherProfile */ = {
			isa = PBXGroup;
			children = (
				04A0A2C32CAD23FA0031C1BD /* View */,
			);
			path = OtherProfile;
			sourceTree = "<group>";
		};
		04A0A2C32CAD23FA0031C1BD /* View */ = {
			isa = PBXGroup;
			children = (
				04A0A2C42CAD24130031C1BD /* OtherProfileView.swift */,
			);
			path = View;
			sourceTree = "<group>";
		};
		04A0A2C62CAD276E0031C1BD /* Components */ = {
			isa = PBXGroup;
			children = (
				04A0A2C72CAD27810031C1BD /* ProfileHeaderView.swift */,
				0498F13C2CAD705500362CBE /* UserContentListView.swift */,
			);
			path = Components;
			sourceTree = "<group>";
		};
		04A2B0132CA7D0A500B8BDE4 /* EditProfile */ = {
			isa = PBXGroup;
			children = (
				0494762C2CB02AE2004B76D7 /* ViewModel */,
				04A2B0142CA7D0B000B8BDE4 /* View */,
			);
			path = EditProfile;
			sourceTree = "<group>";
		};
		04A2B0142CA7D0B000B8BDE4 /* View */ = {
			isa = PBXGroup;
			children = (
				04A2B0152CA7D0C600B8BDE4 /* EditProfileView.swift */,
			);
			path = View;
			sourceTree = "<group>";
		};
		04A4DA5B2CA536AF00A2B069 /* Components */ = {
			isa = PBXGroup;
			children = (
				04A4DA5C2CA536D000A2B069 /* CircularProfileImageView.swift */,
				04A4DA5E2CA5373100A2B069 /* UserCell.swift */,
			);
			path = Components;
			sourceTree = "<group>";
		};
		04AA0A532CABCF0F00666572 /* ViewModel */ = {
			isa = PBXGroup;
			children = (
				04AA0A542CABCF2C00666572 /* ProfileViewModel.swift */,
			);
			path = ViewModel;
			sourceTree = "<group>";
		};
		04B835DD2CAA660100414494 /* Service */ = {
			isa = PBXGroup;
			children = (
				04B835E12CAA695900414494 /* AuthService.swift */,
			);
			path = Service;
			sourceTree = "<group>";
		};
		04B835DE2CAA661000414494 /* ViewModel */ = {
			isa = PBXGroup;
			children = (
				04B835DF2CAA663A00414494 /* RegistrationViewModel.swift */,
				04703C212CAA8302008F4C3F /* LoginViewModel.swift */,
			);
			path = ViewModel;
			sourceTree = "<group>";
		};
		04B835E32CAA77E300414494 /* ViewModel */ = {
			isa = PBXGroup;
			children = (
				04B835E52CAA781100414494 /* ContentViewModel.swift */,
			);
			path = ViewModel;
			sourceTree = "<group>";
		};
		04B835E42CAA77E500414494 /* View */ = {
			isa = PBXGroup;
			children = (
				0425A8BE2CA3F2EA00F71BF8 /* ContentView.swift */,
			);
			path = View;
			sourceTree = "<group>";
		};
/* End PBXGroup section */

/* Begin PBXNativeTarget section */
		0425A8B82CA3F2EA00F71BF8 /* Threads_IOS_App */ = {
			isa = PBXNativeTarget;
			buildConfigurationList = 0425A8DD2CA3F2EC00F71BF8 /* Build configuration list for PBXNativeTarget "Threads_IOS_App" */;
			buildPhases = (
				0425A8B52CA3F2EA00F71BF8 /* Sources */,
				0425A8B62CA3F2EA00F71BF8 /* Frameworks */,
				0425A8B72CA3F2EA00F71BF8 /* Resources */,
			);
			buildRules = (
			);
			dependencies = (
			);
			name = Threads_IOS_App;
			packageProductDependencies = (
				04D572772CA99DC9001F1A53 /* FirebaseAuth */,
				04D572792CA99DC9001F1A53 /* FirebaseFirestore */,
				04D5727B2CA99DC9001F1A53 /* FirebaseStorage */,
			);
			productName = Threads_IOS_App;
			productReference = 0425A8B92CA3F2EA00F71BF8 /* Threads_IOS_App.app */;
			productType = "com.apple.product-type.application";
		};
		0425A8C82CA3F2EC00F71BF8 /* Threads_IOS_AppTests */ = {
			isa = PBXNativeTarget;
			buildConfigurationList = 0425A8E02CA3F2EC00F71BF8 /* Build configuration list for PBXNativeTarget "Threads_IOS_AppTests" */;
			buildPhases = (
				0425A8C52CA3F2EC00F71BF8 /* Sources */,
				0425A8C62CA3F2EC00F71BF8 /* Frameworks */,
				0425A8C72CA3F2EC00F71BF8 /* Resources */,
			);
			buildRules = (
			);
			dependencies = (
				0425A8CB2CA3F2EC00F71BF8 /* PBXTargetDependency */,
			);
			name = Threads_IOS_AppTests;
			productName = Threads_IOS_AppTests;
			productReference = 0425A8C92CA3F2EC00F71BF8 /* Threads_IOS_AppTests.xctest */;
			productType = "com.apple.product-type.bundle.unit-test";
		};
		0425A8D22CA3F2EC00F71BF8 /* Threads_IOS_AppUITests */ = {
			isa = PBXNativeTarget;
			buildConfigurationList = 0425A8E32CA3F2EC00F71BF8 /* Build configuration list for PBXNativeTarget "Threads_IOS_AppUITests" */;
			buildPhases = (
				0425A8CF2CA3F2EC00F71BF8 /* Sources */,
				0425A8D02CA3F2EC00F71BF8 /* Frameworks */,
				0425A8D12CA3F2EC00F71BF8 /* Resources */,
			);
			buildRules = (
			);
			dependencies = (
				0425A8D52CA3F2EC00F71BF8 /* PBXTargetDependency */,
			);
			name = Threads_IOS_AppUITests;
			productName = Threads_IOS_AppUITests;
			productReference = 0425A8D32CA3F2EC00F71BF8 /* Threads_IOS_AppUITests.xctest */;
			productType = "com.apple.product-type.bundle.ui-testing";
		};
/* End PBXNativeTarget section */

/* Begin PBXProject section */
		0425A8B12CA3F2EA00F71BF8 /* Project object */ = {
			isa = PBXProject;
			attributes = {
				BuildIndependentTargetsInParallel = 1;
				LastSwiftUpdateCheck = 1540;
				LastUpgradeCheck = 1540;
				TargetAttributes = {
					0425A8B82CA3F2EA00F71BF8 = {
						CreatedOnToolsVersion = 15.4;
					};
					0425A8C82CA3F2EC00F71BF8 = {
						CreatedOnToolsVersion = 15.4;
						TestTargetID = 0425A8B82CA3F2EA00F71BF8;
					};
					0425A8D22CA3F2EC00F71BF8 = {
						CreatedOnToolsVersion = 15.4;
						TestTargetID = 0425A8B82CA3F2EA00F71BF8;
					};
				};
			};
			buildConfigurationList = 0425A8B42CA3F2EA00F71BF8 /* Build configuration list for PBXProject "Threads_IOS_App" */;
			compatibilityVersion = "Xcode 14.0";
			developmentRegion = en;
			hasScannedForEncodings = 0;
			knownRegions = (
				en,
				Base,
			);
			mainGroup = 0425A8B02CA3F2EA00F71BF8;
			packageReferences = (
				04D572762CA99DC9001F1A53 /* XCRemoteSwiftPackageReference "firebase-ios-sdk" */,
			);
			productRefGroup = 0425A8BA2CA3F2EA00F71BF8 /* Products */;
			projectDirPath = "";
			projectRoot = "";
			targets = (
				0425A8B82CA3F2EA00F71BF8 /* Threads_IOS_App */,
				0425A8C82CA3F2EC00F71BF8 /* Threads_IOS_AppTests */,
				0425A8D22CA3F2EC00F71BF8 /* Threads_IOS_AppUITests */,
			);
		};
/* End PBXProject section */

/* Begin PBXResourcesBuildPhase section */
		0425A8B72CA3F2EA00F71BF8 /* Resources */ = {
			isa = PBXResourcesBuildPhase;
			buildActionMask = 2147483647;
			files = (
				0425A8C42CA3F2EC00F71BF8 /* Preview Assets.xcassets in Resources */,
				0425A8C12CA3F2EC00F71BF8 /* Assets.xcassets in Resources */,
				04D572752CA9996C001F1A53 /* GoogleService-Info.plist in Resources */,
			);
			runOnlyForDeploymentPostprocessing = 0;
		};
		0425A8C72CA3F2EC00F71BF8 /* Resources */ = {
			isa = PBXResourcesBuildPhase;
			buildActionMask = 2147483647;
			files = (
			);
			runOnlyForDeploymentPostprocessing = 0;
		};
		0425A8D12CA3F2EC00F71BF8 /* Resources */ = {
			isa = PBXResourcesBuildPhase;
			buildActionMask = 2147483647;
			files = (
			);
			runOnlyForDeploymentPostprocessing = 0;
		};
/* End PBXResourcesBuildPhase section */

/* Begin PBXSourcesBuildPhase section */
		0425A8B52CA3F2EA00F71BF8 /* Sources */ = {
			isa = PBXSourcesBuildPhase;
			buildActionMask = 2147483647;
			files = (
				0425A90F2CA3F75000F71BF8 /* CreateThreadView.swift in Sources */,
				04EC239F2CAADAAA008B9E38 /* UserModel.swift in Sources */,
				04B835E02CAA663A00414494 /* RegistrationViewModel.swift in Sources */,
				0425A90B2CA3F75000F71BF8 /* FeedView.swift in Sources */,
				04A0A2C12CAD1A4D0031C1BD /* PreviewProvider.swift in Sources */,
				0494762E2CB02AF6004B76D7 /* EditProfileViewModel.swift in Sources */,
				04B835E22CAA695900414494 /* AuthService.swift in Sources */,
				04A2B0162CA7D0C600B8BDE4 /* EditProfileView.swift in Sources */,
				04AA0A522CABCD2300666572 /* UserService.swift in Sources */,
				0425A90C2CA3F75000F71BF8 /* ProfileView.swift in Sources */,
				0498F13D2CAD705500362CBE /* UserContentListView.swift in Sources */,
				04A4DA582CA52CC900A2B069 /* ThreadCell.swift in Sources */,
				0425A90A2CA3F75000F71BF8 /* ExploreView.swift in Sources */,
				04703C222CAA8302008F4C3F /* LoginViewModel.swift in Sources */,
				0425A9062CA3F75000F71BF8 /* TextFieldModifier.swift in Sources */,
				04A0A2C52CAD24130031C1BD /* OtherProfileView.swift in Sources */,
				04A0A2BF2CAD172A0031C1BD /* ExploreViewModel.swift in Sources */,
				049476302CB02D3B004B76D7 /* ImageUploader.swift in Sources */,
				04A4DA5D2CA536D000A2B069 /* CircularProfileImageView.swift in Sources */,
				04A4DA5F2CA5373100A2B069 /* UserCell.swift in Sources */,
				041488332CA6E53E0069377B /* ProfileThreadFilter.swift in Sources */,
				04AA0A552CABCF2C00666572 /* ProfileViewModel.swift in Sources */,
				04B835E62CAA781100414494 /* ContentViewModel.swift in Sources */,
				0425A9072CA3F75000F71BF8 /* ActivityView.swift in Sources */,
				0425A8BF2CA3F2EA00F71BF8 /* ContentView.swift in Sources */,
				04A0A2C82CAD27810031C1BD /* ProfileHeaderView.swift in Sources */,
				0425A90E2CA3F75000F71BF8 /* ThreadsTabBar.swift in Sources */,
				0425A9092CA3F75000F71BF8 /* RegisterView.swift in Sources */,
				0425A9082CA3F75000F71BF8 /* LoginView.swift in Sources */,
				0425A8BD2CA3F2EA00F71BF8 /* Threads_IOS_AppApp.swift in Sources */,
			);
			runOnlyForDeploymentPostprocessing = 0;
		};
		0425A8C52CA3F2EC00F71BF8 /* Sources */ = {
			isa = PBXSourcesBuildPhase;
			buildActionMask = 2147483647;
			files = (
				0425A8CE2CA3F2EC00F71BF8 /* Threads_IOS_AppTests.swift in Sources */,
			);
			runOnlyForDeploymentPostprocessing = 0;
		};
		0425A8CF2CA3F2EC00F71BF8 /* Sources */ = {
			isa = PBXSourcesBuildPhase;
			buildActionMask = 2147483647;
			files = (
				0425A8DA2CA3F2EC00F71BF8 /* Threads_IOS_AppUITestsLaunchTests.swift in Sources */,
				0425A8D82CA3F2EC00F71BF8 /* Threads_IOS_AppUITests.swift in Sources */,
			);
			runOnlyForDeploymentPostprocessing = 0;
		};
/* End PBXSourcesBuildPhase section */

/* Begin PBXTargetDependency section */
		0425A8CB2CA3F2EC00F71BF8 /* PBXTargetDependency */ = {
			isa = PBXTargetDependency;
			target = 0425A8B82CA3F2EA00F71BF8 /* Threads_IOS_App */;
			targetProxy = 0425A8CA2CA3F2EC00F71BF8 /* PBXContainerItemProxy */;
		};
		0425A8D52CA3F2EC00F71BF8 /* PBXTargetDependency */ = {
			isa = PBXTargetDependency;
			target = 0425A8B82CA3F2EA00F71BF8 /* Threads_IOS_App */;
			targetProxy = 0425A8D42CA3F2EC00F71BF8 /* PBXContainerItemProxy */;
		};
/* End PBXTargetDependency section */

/* Begin XCBuildConfiguration section */
		0425A8DB2CA3F2EC00F71BF8 /* Debug */ = {
			isa = XCBuildConfiguration;
			buildSettings = {
				ALWAYS_SEARCH_USER_PATHS = NO;
				ASSETCATALOG_COMPILER_GENERATE_SWIFT_ASSET_SYMBOL_EXTENSIONS = YES;
				CLANG_ANALYZER_NONNULL = YES;
				CLANG_ANALYZER_NUMBER_OBJECT_CONVERSION = YES_AGGRESSIVE;
				CLANG_CXX_LANGUAGE_STANDARD = "gnu++20";
				CLANG_ENABLE_MODULES = YES;
				CLANG_ENABLE_OBJC_ARC = YES;
				CLANG_ENABLE_OBJC_WEAK = YES;
				CLANG_WARN_BLOCK_CAPTURE_AUTORELEASING = YES;
				CLANG_WARN_BOOL_CONVERSION = YES;
				CLANG_WARN_COMMA = YES;
				CLANG_WARN_CONSTANT_CONVERSION = YES;
				CLANG_WARN_DEPRECATED_OBJC_IMPLEMENTATIONS = YES;
				CLANG_WARN_DIRECT_OBJC_ISA_USAGE = YES_ERROR;
				CLANG_WARN_DOCUMENTATION_COMMENTS = YES;
				CLANG_WARN_EMPTY_BODY = YES;
				CLANG_WARN_ENUM_CONVERSION = YES;
				CLANG_WARN_INFINITE_RECURSION = YES;
				CLANG_WARN_INT_CONVERSION = YES;
				CLANG_WARN_NON_LITERAL_NULL_CONVERSION = YES;
				CLANG_WARN_OBJC_IMPLICIT_RETAIN_SELF = YES;
				CLANG_WARN_OBJC_LITERAL_CONVERSION = YES;
				CLANG_WARN_OBJC_ROOT_CLASS = YES_ERROR;
				CLANG_WARN_QUOTED_INCLUDE_IN_FRAMEWORK_HEADER = YES;
				CLANG_WARN_RANGE_LOOP_ANALYSIS = YES;
				CLANG_WARN_STRICT_PROTOTYPES = YES;
				CLANG_WARN_SUSPICIOUS_MOVE = YES;
				CLANG_WARN_UNGUARDED_AVAILABILITY = YES_AGGRESSIVE;
				CLANG_WARN_UNREACHABLE_CODE = YES;
				CLANG_WARN__DUPLICATE_METHOD_MATCH = YES;
				COPY_PHASE_STRIP = NO;
				DEBUG_INFORMATION_FORMAT = dwarf;
				ENABLE_STRICT_OBJC_MSGSEND = YES;
				ENABLE_TESTABILITY = YES;
				ENABLE_USER_SCRIPT_SANDBOXING = YES;
				GCC_C_LANGUAGE_STANDARD = gnu17;
				GCC_DYNAMIC_NO_PIC = NO;
				GCC_NO_COMMON_BLOCKS = YES;
				GCC_OPTIMIZATION_LEVEL = 0;
				GCC_PREPROCESSOR_DEFINITIONS = (
					"DEBUG=1",
					"$(inherited)",
				);
				GCC_WARN_64_TO_32_BIT_CONVERSION = YES;
				GCC_WARN_ABOUT_RETURN_TYPE = YES_ERROR;
				GCC_WARN_UNDECLARED_SELECTOR = YES;
				GCC_WARN_UNINITIALIZED_AUTOS = YES_AGGRESSIVE;
				GCC_WARN_UNUSED_FUNCTION = YES;
				GCC_WARN_UNUSED_VARIABLE = YES;
				IPHONEOS_DEPLOYMENT_TARGET = 17.5;
				LOCALIZATION_PREFERS_STRING_CATALOGS = YES;
				MTL_ENABLE_DEBUG_INFO = INCLUDE_SOURCE;
				MTL_FAST_MATH = YES;
				ONLY_ACTIVE_ARCH = YES;
				SDKROOT = iphoneos;
				SWIFT_ACTIVE_COMPILATION_CONDITIONS = "DEBUG $(inherited)";
				SWIFT_OPTIMIZATION_LEVEL = "-Onone";
			};
			name = Debug;
		};
		0425A8DC2CA3F2EC00F71BF8 /* Release */ = {
			isa = XCBuildConfiguration;
			buildSettings = {
				ALWAYS_SEARCH_USER_PATHS = NO;
				ASSETCATALOG_COMPILER_GENERATE_SWIFT_ASSET_SYMBOL_EXTENSIONS = YES;
				CLANG_ANALYZER_NONNULL = YES;
				CLANG_ANALYZER_NUMBER_OBJECT_CONVERSION = YES_AGGRESSIVE;
				CLANG_CXX_LANGUAGE_STANDARD = "gnu++20";
				CLANG_ENABLE_MODULES = YES;
				CLANG_ENABLE_OBJC_ARC = YES;
				CLANG_ENABLE_OBJC_WEAK = YES;
				CLANG_WARN_BLOCK_CAPTURE_AUTORELEASING = YES;
				CLANG_WARN_BOOL_CONVERSION = YES;
				CLANG_WARN_COMMA = YES;
				CLANG_WARN_CONSTANT_CONVERSION = YES;
				CLANG_WARN_DEPRECATED_OBJC_IMPLEMENTATIONS = YES;
				CLANG_WARN_DIRECT_OBJC_ISA_USAGE = YES_ERROR;
				CLANG_WARN_DOCUMENTATION_COMMENTS = YES;
				CLANG_WARN_EMPTY_BODY = YES;
				CLANG_WARN_ENUM_CONVERSION = YES;
				CLANG_WARN_INFINITE_RECURSION = YES;
				CLANG_WARN_INT_CONVERSION = YES;
				CLANG_WARN_NON_LITERAL_NULL_CONVERSION = YES;
				CLANG_WARN_OBJC_IMPLICIT_RETAIN_SELF = YES;
				CLANG_WARN_OBJC_LITERAL_CONVERSION = YES;
				CLANG_WARN_OBJC_ROOT_CLASS = YES_ERROR;
				CLANG_WARN_QUOTED_INCLUDE_IN_FRAMEWORK_HEADER = YES;
				CLANG_WARN_RANGE_LOOP_ANALYSIS = YES;
				CLANG_WARN_STRICT_PROTOTYPES = YES;
				CLANG_WARN_SUSPICIOUS_MOVE = YES;
				CLANG_WARN_UNGUARDED_AVAILABILITY = YES_AGGRESSIVE;
				CLANG_WARN_UNREACHABLE_CODE = YES;
				CLANG_WARN__DUPLICATE_METHOD_MATCH = YES;
				COPY_PHASE_STRIP = NO;
				DEBUG_INFORMATION_FORMAT = "dwarf-with-dsym";
				ENABLE_NS_ASSERTIONS = NO;
				ENABLE_STRICT_OBJC_MSGSEND = YES;
				ENABLE_USER_SCRIPT_SANDBOXING = YES;
				GCC_C_LANGUAGE_STANDARD = gnu17;
				GCC_NO_COMMON_BLOCKS = YES;
				GCC_WARN_64_TO_32_BIT_CONVERSION = YES;
				GCC_WARN_ABOUT_RETURN_TYPE = YES_ERROR;
				GCC_WARN_UNDECLARED_SELECTOR = YES;
				GCC_WARN_UNINITIALIZED_AUTOS = YES_AGGRESSIVE;
				GCC_WARN_UNUSED_FUNCTION = YES;
				GCC_WARN_UNUSED_VARIABLE = YES;
				IPHONEOS_DEPLOYMENT_TARGET = 17.5;
				LOCALIZATION_PREFERS_STRING_CATALOGS = YES;
				MTL_ENABLE_DEBUG_INFO = NO;
				MTL_FAST_MATH = YES;
				SDKROOT = iphoneos;
				SWIFT_COMPILATION_MODE = wholemodule;
				VALIDATE_PRODUCT = YES;
			};
			name = Release;
		};
		0425A8DE2CA3F2EC00F71BF8 /* Debug */ = {
			isa = XCBuildConfiguration;
			buildSettings = {
				ASSETCATALOG_COMPILER_APPICON_NAME = AppIcon;
				ASSETCATALOG_COMPILER_GLOBAL_ACCENT_COLOR_NAME = AccentColor;
				CODE_SIGN_STYLE = Automatic;
				CURRENT_PROJECT_VERSION = 1;
				DEVELOPMENT_ASSET_PATHS = "\"Threads_IOS_App/Preview Content\"";
				ENABLE_PREVIEWS = YES;
				GENERATE_INFOPLIST_FILE = YES;
				INFOPLIST_KEY_UIApplicationSceneManifest_Generation = YES;
				INFOPLIST_KEY_UIApplicationSupportsIndirectInputEvents = YES;
				INFOPLIST_KEY_UILaunchScreen_Generation = YES;
				INFOPLIST_KEY_UISupportedInterfaceOrientations = UIInterfaceOrientationPortrait;
				IPHONEOS_DEPLOYMENT_TARGET = 16.1;
				LD_RUNPATH_SEARCH_PATHS = (
					"$(inherited)",
					"@executable_path/Frameworks",
				);
				MARKETING_VERSION = 1.0;
				PRODUCT_BUNDLE_IDENTIFIER = "com.rehan.Threads-IOS-App";
				PRODUCT_NAME = "$(TARGET_NAME)";
				SUPPORTED_PLATFORMS = "iphoneos iphonesimulator";
				SUPPORTS_MACCATALYST = NO;
				SUPPORTS_MAC_DESIGNED_FOR_IPHONE_IPAD = NO;
				SUPPORTS_XR_DESIGNED_FOR_IPHONE_IPAD = NO;
				SWIFT_EMIT_LOC_STRINGS = YES;
				SWIFT_VERSION = 5.0;
				TARGETED_DEVICE_FAMILY = "1,2";
			};
			name = Debug;
		};
		0425A8DF2CA3F2EC00F71BF8 /* Release */ = {
			isa = XCBuildConfiguration;
			buildSettings = {
				ASSETCATALOG_COMPILER_APPICON_NAME = AppIcon;
				ASSETCATALOG_COMPILER_GLOBAL_ACCENT_COLOR_NAME = AccentColor;
				CODE_SIGN_STYLE = Automatic;
				CURRENT_PROJECT_VERSION = 1;
				DEVELOPMENT_ASSET_PATHS = "\"Threads_IOS_App/Preview Content\"";
				ENABLE_PREVIEWS = YES;
				GENERATE_INFOPLIST_FILE = YES;
				INFOPLIST_KEY_UIApplicationSceneManifest_Generation = YES;
				INFOPLIST_KEY_UIApplicationSupportsIndirectInputEvents = YES;
				INFOPLIST_KEY_UILaunchScreen_Generation = YES;
				INFOPLIST_KEY_UISupportedInterfaceOrientations = UIInterfaceOrientationPortrait;
				IPHONEOS_DEPLOYMENT_TARGET = 16.1;
				LD_RUNPATH_SEARCH_PATHS = (
					"$(inherited)",
					"@executable_path/Frameworks",
				);
				MARKETING_VERSION = 1.0;
				PRODUCT_BUNDLE_IDENTIFIER = "com.rehan.Threads-IOS-App";
				PRODUCT_NAME = "$(TARGET_NAME)";
				SUPPORTED_PLATFORMS = "iphoneos iphonesimulator";
				SUPPORTS_MACCATALYST = NO;
				SUPPORTS_MAC_DESIGNED_FOR_IPHONE_IPAD = NO;
				SUPPORTS_XR_DESIGNED_FOR_IPHONE_IPAD = NO;
				SWIFT_EMIT_LOC_STRINGS = YES;
				SWIFT_VERSION = 5.0;
				TARGETED_DEVICE_FAMILY = "1,2";
			};
			name = Release;
		};
		0425A8E12CA3F2EC00F71BF8 /* Debug */ = {
			isa = XCBuildConfiguration;
			buildSettings = {
				ALWAYS_EMBED_SWIFT_STANDARD_LIBRARIES = YES;
				BUNDLE_LOADER = "$(TEST_HOST)";
				CODE_SIGN_STYLE = Automatic;
				CURRENT_PROJECT_VERSION = 1;
				GENERATE_INFOPLIST_FILE = YES;
				IPHONEOS_DEPLOYMENT_TARGET = 17.5;
				MARKETING_VERSION = 1.0;
				PRODUCT_BUNDLE_IDENTIFIER = "com.rehan.Threads-IOS-AppTests";
				PRODUCT_NAME = "$(TARGET_NAME)";
				SWIFT_EMIT_LOC_STRINGS = NO;
				SWIFT_VERSION = 5.0;
				TARGETED_DEVICE_FAMILY = "1,2";
				TEST_HOST = "$(BUILT_PRODUCTS_DIR)/Threads_IOS_App.app/$(BUNDLE_EXECUTABLE_FOLDER_PATH)/Threads_IOS_App";
			};
			name = Debug;
		};
		0425A8E22CA3F2EC00F71BF8 /* Release */ = {
			isa = XCBuildConfiguration;
			buildSettings = {
				ALWAYS_EMBED_SWIFT_STANDARD_LIBRARIES = YES;
				BUNDLE_LOADER = "$(TEST_HOST)";
				CODE_SIGN_STYLE = Automatic;
				CURRENT_PROJECT_VERSION = 1;
				GENERATE_INFOPLIST_FILE = YES;
				IPHONEOS_DEPLOYMENT_TARGET = 17.5;
				MARKETING_VERSION = 1.0;
				PRODUCT_BUNDLE_IDENTIFIER = "com.rehan.Threads-IOS-AppTests";
				PRODUCT_NAME = "$(TARGET_NAME)";
				SWIFT_EMIT_LOC_STRINGS = NO;
				SWIFT_VERSION = 5.0;
				TARGETED_DEVICE_FAMILY = "1,2";
				TEST_HOST = "$(BUILT_PRODUCTS_DIR)/Threads_IOS_App.app/$(BUNDLE_EXECUTABLE_FOLDER_PATH)/Threads_IOS_App";
			};
			name = Release;
		};
		0425A8E42CA3F2EC00F71BF8 /* Debug */ = {
			isa = XCBuildConfiguration;
			buildSettings = {
				ALWAYS_EMBED_SWIFT_STANDARD_LIBRARIES = YES;
				CODE_SIGN_STYLE = Automatic;
				CURRENT_PROJECT_VERSION = 1;
				GENERATE_INFOPLIST_FILE = YES;
				MARKETING_VERSION = 1.0;
				PRODUCT_BUNDLE_IDENTIFIER = "com.rehan.Threads-IOS-AppUITests";
				PRODUCT_NAME = "$(TARGET_NAME)";
				SWIFT_EMIT_LOC_STRINGS = NO;
				SWIFT_VERSION = 5.0;
				TARGETED_DEVICE_FAMILY = "1,2";
				TEST_TARGET_NAME = Threads_IOS_App;
			};
			name = Debug;
		};
		0425A8E52CA3F2EC00F71BF8 /* Release */ = {
			isa = XCBuildConfiguration;
			buildSettings = {
				ALWAYS_EMBED_SWIFT_STANDARD_LIBRARIES = YES;
				CODE_SIGN_STYLE = Automatic;
				CURRENT_PROJECT_VERSION = 1;
				GENERATE_INFOPLIST_FILE = YES;
				MARKETING_VERSION = 1.0;
				PRODUCT_BUNDLE_IDENTIFIER = "com.rehan.Threads-IOS-AppUITests";
				PRODUCT_NAME = "$(TARGET_NAME)";
				SWIFT_EMIT_LOC_STRINGS = NO;
				SWIFT_VERSION = 5.0;
				TARGETED_DEVICE_FAMILY = "1,2";
				TEST_TARGET_NAME = Threads_IOS_App;
			};
			name = Release;
		};
/* End XCBuildConfiguration section */

/* Begin XCConfigurationList section */
		0425A8B42CA3F2EA00F71BF8 /* Build configuration list for PBXProject "Threads_IOS_App" */ = {
			isa = XCConfigurationList;
			buildConfigurations = (
				0425A8DB2CA3F2EC00F71BF8 /* Debug */,
				0425A8DC2CA3F2EC00F71BF8 /* Release */,
			);
			defaultConfigurationIsVisible = 0;
			defaultConfigurationName = Release;
		};
		0425A8DD2CA3F2EC00F71BF8 /* Build configuration list for PBXNativeTarget "Threads_IOS_App" */ = {
			isa = XCConfigurationList;
			buildConfigurations = (
				0425A8DE2CA3F2EC00F71BF8 /* Debug */,
				0425A8DF2CA3F2EC00F71BF8 /* Release */,
			);
			defaultConfigurationIsVisible = 0;
			defaultConfigurationName = Release;
		};
		0425A8E02CA3F2EC00F71BF8 /* Build configuration list for PBXNativeTarget "Threads_IOS_AppTests" */ = {
			isa = XCConfigurationList;
			buildConfigurations = (
				0425A8E12CA3F2EC00F71BF8 /* Debug */,
				0425A8E22CA3F2EC00F71BF8 /* Release */,
			);
			defaultConfigurationIsVisible = 0;
			defaultConfigurationName = Release;
		};
		0425A8E32CA3F2EC00F71BF8 /* Build configuration list for PBXNativeTarget "Threads_IOS_AppUITests" */ = {
			isa = XCConfigurationList;
			buildConfigurations = (
				0425A8E42CA3F2EC00F71BF8 /* Debug */,
				0425A8E52CA3F2EC00F71BF8 /* Release */,
			);
			defaultConfigurationIsVisible = 0;
			defaultConfigurationName = Release;
		};
/* End XCConfigurationList section */

/* Begin XCRemoteSwiftPackageReference section */
		04D572762CA99DC9001F1A53 /* XCRemoteSwiftPackageReference "firebase-ios-sdk" */ = {
			isa = XCRemoteSwiftPackageReference;
			repositoryURL = "https://github.com/firebase/firebase-ios-sdk";
			requirement = {
				kind = upToNextMajorVersion;
				minimumVersion = 11.2.0;
			};
		};
/* End XCRemoteSwiftPackageReference section */

/* Begin XCSwiftPackageProductDependency section */
		04D572772CA99DC9001F1A53 /* FirebaseAuth */ = {
			isa = XCSwiftPackageProductDependency;
			package = 04D572762CA99DC9001F1A53 /* XCRemoteSwiftPackageReference "firebase-ios-sdk" */;
			productName = FirebaseAuth;
		};
		04D572792CA99DC9001F1A53 /* FirebaseFirestore */ = {
			isa = XCSwiftPackageProductDependency;
			package = 04D572762CA99DC9001F1A53 /* XCRemoteSwiftPackageReference "firebase-ios-sdk" */;
			productName = FirebaseFirestore;
		};
		04D5727B2CA99DC9001F1A53 /* FirebaseStorage */ = {
			isa = XCSwiftPackageProductDependency;
			package = 04D572762CA99DC9001F1A53 /* XCRemoteSwiftPackageReference "firebase-ios-sdk" */;
			productName = FirebaseStorage;
		};
/* End XCSwiftPackageProductDependency section */
	};
	rootObject = 0425A8B12CA3F2EA00F71BF8 /* Project object */;
}
